
Microsoft Visual Studio Solution File, Format Version 12.00
# Visual Studio Version 16
VisualStudioVersion = 16.0.30413.136
MinimumVisualStudioVersion = 10.0.40219.1
Project("{9A19103F-16F7-4668-BE54-9A1E7A4F7556}") = "Uppgift1", "Uppgift1\Uppgift1.csproj", "{5ED4144F-93D5-4813-B151-AF4C662CC1BB}"
EndProject
Project("{FAE04EC0-301F-11D3-BF4B-00C04F79EFBC}") = "Uppgift4", "Uppgift4\Uppgift4.csproj", "{0A1AB67C-EA70-484C-846E-143295E93073}"
EndProject
Global
	GlobalSection(SolutionConfigurationPlatforms) = preSolution
		Debug|Any CPU = Debug|Any CPU
		Release|Any CPU = Release|Any CPU
	EndGlobalSection
	GlobalSection(ProjectConfigurationPlatforms) = postSolution
		{5ED4144F-93D5-4813-B151-AF4C662CC1BB}.Debug|Any CPU.ActiveCfg = Debug|Any CPU
		{5ED4144F-93D5-4813-B151-AF4C662CC1BB}.Debug|Any CPU.Build.0 = Debug|Any CPU
		{5ED4144F-93D5-4813-B151-AF4C662CC1BB}.Release|Any CPU.ActiveCfg = Release|Any CPU
		{5ED4144F-93D5-4813-B151-AF4C662CC1BB}.Release|Any CPU.Build.0 = Release|Any CPU
		{0A1AB67C-EA70-484C-846E-143295E93073}.Debug|Any CPU.ActiveCfg = Debug|Any CPU
		{0A1AB67C-EA70-484C-846E-143295E93073}.Debug|Any CPU.Build.0 = Debug|Any CPU
		{0A1AB67C-EA70-484C-846E-143295E93073}.Release|Any CPU.ActiveCfg = Release|Any CPU
		{0A1AB67C-EA70-484C-846E-143295E93073}.Release|Any CPU.Build.0 = Release|Any CPU
	EndGlobalSection
	GlobalSection(SolutionProperties) = preSolution
		HideSolutionNode = FALSE
	EndGlobalSection
	GlobalSection(ExtensibilityGlobals) = postSolution
		SolutionGuid = {10880F22-82AF-4234-8DB3-CE421A1E3C07}
	EndGlobalSection
EndGlobal
